<?xml version="1.0" encoding="utf-8"?>
<Project ToolsVersion="4.0" xmlns="http://schemas.microsoft.com/developer/msbuild/2003">
  <ItemGroup>
    <Filter Include="Source Files">
      <UniqueIdentifier>{4FC737F1-C7A5-4376-A066-2A32D752A2FF}</UniqueIdentifier>
      <Extensions>cpp;c;cc;cxx;c++;cppm;ixx;def;odl;idl;hpj;bat;asm;asmx</Extensions>
    </Filter>
    <Filter Include="Header Files">
      <UniqueIdentifier>{93995380-89BD-4b04-88EB-625FBE52EBFB}</UniqueIdentifier>
      <Extensions>h;hh;hpp;hxx;h++;hm;inl;inc;ipp;xsd</Extensions>
    </Filter>
    <Filter Include="Resource Files">
      <UniqueIdentifier>{67DA6AB6-F800-4c08-8B7A-83BB121AAD01}</UniqueIdentifier>
      <Extensions>rc;ico;cur;bmp;dlg;rc2;rct;bin;rgs;gif;jpg;jpeg;jpe;resx;tiff;tif;png;wav;mfcribbon-ms</Extensions>
    </Filter>
  </ItemGroup>
  <ItemGroup>
    <ClCompile Include="..\src-main\svcmain.cpp">
      <Filter>Source Files</Filter>
    </ClCompile>
    <ClCompile Include="..\src-common\decode.cpp">
      <Filter>Source Files</Filter>
    </ClCompile>
    <ClCompile Include="..\src-common\helper.cpp">
      <Filter>Source Files</Filter>
    </ClCompile>
    <ClCompile Include="..\src-common\runner.cpp">
      <Filter>Source Files</Filter>
    </ClCompile>
    <ClCompile Include="..\src-common\start.cpp">
      <Filter>Source Files</Filter>
    </ClCompile>
    <ClCompile Include="..\src-common\syscalls.c">
      <Filter>Source Files</Filter>
    </ClCompile>
  </ItemGroup>
  <ItemGroup>
    <Image Include="..\src-main\icon.ico">
      <Filter>Resource Files</Filter>
    </Image>
  </ItemGroup>
  <ItemGroup>
    <ResourceCompile Include="..\src-main\resource.rc">
      <Filter>Resource Files</Filter>
    </ResourceCompile>
  </ItemGroup>
  <ItemGroup>
    <ClInclude Include="..\src-common\decode.h">
      <Filter>Header Files</Filter>
    </ClInclude>
    <ClInclude Include="..\src-common\defs.h">
      <Filter>Header Files</Filter>
    </ClInclude>
    <ClInclude Include="..\src-common\helper.h">
      <Filter>Header Files</Filter>
    </ClInclude>
    <ClInclude Include="..\src-common\runner.h">
      <Filter>Header Files</Filter>
    </ClInclude>
    <ClInclude Include="..\src-common\start.h">
      <Filter>Header Files</Filter>
    </ClInclude>
    <ClInclude Include="..\src-common\syscalls.h">
      <Filter>Header Files</Filter>
    </ClInclude>
    <ClInclude Include="..\src-common\buf.h">
      <Filter>Header Files</Filter>
    </ClInclude>
    <ClInclude Include="..\src-main\svcmain.h">
      <Filter>Header Files</Filter>
    </ClInclude>
  </ItemGroup>
  <ItemGroup>
    <MASM Include="..\src-common\syscalls-asm.x64.asm">
      <Filter>Source Files</Filter>
    </MASM>
  </ItemGroup>
</Project>